github.com/amoghe/go-crypt v0.0.0-20220222110647-20eada5f5964 h1:I9YN9WMo3SUh7p/4wKeNvD/IQla3U3SUa61U7ul+xM4=
github.com/amoghe/go-crypt v0.0.0-20220222110647-20eada5f5964/go.mod h1:eFiR01PwTcpbzXtdMces7zxg6utvFM5puiWHpWB8D/k=
golang.org/x/crypto v0.9.0 h1:LF6fAI+IutBocDJ2OT0Q1g8plpYljMZ4+lty+dsqw3g=
golang.org/x/crypto v0.9.0/go.mod h1:yrmDGqONDYtNj3tH8X9dzUun2m2lzPa9ngI6/RUPGR0=
